
Microsoft Visual Studio Solution File, Format Version 12.00
# Visual Studio Version 16
VisualStudioVersion = 16.0.31112.23
MinimumVisualStudioVersion = 10.0.40219.1
Project("{FAE04EC0-301F-11D3-BF4B-00C04F79EFBC}") = "EntityOrnek", "EntityOrnek\EntityOrnek.csproj", "{11646C55-0963-4635-B6CF-2DD7628D1F49}"
EndProject
Global
	GlobalSection(SolutionConfigurationPlatforms) = preSolution
		Debug|Any CPU = Debug|Any CPU
		Release|Any CPU = Release|Any CPU
	EndGlobalSection
	GlobalSection(ProjectConfigurationPlatforms) = postSolution
		{11646C55-0963-4635-B6CF-2DD7628D1F49}.Debug|Any CPU.ActiveCfg = Debug|Any CPU
		{11646C55-0963-4635-B6CF-2DD7628D1F49}.Debug|Any CPU.Build.0 = Debug|Any CPU
		{11646C55-0963-4635-B6CF-2DD7628D1F49}.Release|Any CPU.ActiveCfg = Release|Any CPU
		{11646C55-0963-4635-B6CF-2DD7628D1F49}.Release|Any CPU.Build.0 = Release|Any CPU
	EndGlobalSection
	GlobalSection(SolutionProperties) = preSolution
		HideSolutionNode = FALSE
	EndGlobalSection
	GlobalSection(ExtensibilityGlobals) = postSolution
		SolutionGuid = {C5D7EFC4-E2A5-4D2E-8FC7-22EC30CF555B}
	EndGlobalSection
EndGlobal
